dependencies:
  espressif/esp_codec_dev:
    component_hash: c71e2d13dad6fc41561590dd88dbc45c79e3f4ef48d5ee3575c60e8b6c8e79d5
    dependencies:
    - name: idf
      require: private
      version: '>=4.0'
    source:
      registry_url: https://components.espressif.com/
      type: service
    version: 1.3.5
  idf:
    source:
      type: idf
    version: 5.5.0
direct_dependencies:
- espressif/esp_codec_dev
- idf
manifest_hash: 18f223306eff97be1af52aa198120a38e12de796f71c014c48c02213cbaf49b7
target: esp32s3
version: 2.0.0
